
Microsoft Visual Studio Solution File, Format Version 12.00
# Visual Studio 14
VisualStudioVersion = 14.0.25420.1
MinimumVisualStudioVersion = 10.0.40219.1
Project("{2150E333-8FDC-42A3-9474-1A3956D46DE8}") = "_", "_", "{AFE3CE05-2792-40E4-8322-9224A7231B6A}"
	ProjectSection(SolutionItems) = preProject
		ReadMe.txt = ReadMe.txt
	EndProjectSection
EndProject
Project("{FAE04EC0-301F-11D3-BF4B-00C04F79EFBC}") = "Base64Encoding", "Base64Encoding\Base64Encoding.csproj", "{1F10FA0C-71A5-43EB-A2FA-456D49585E00}"
EndProject
Project("{FAE04EC0-301F-11D3-BF4B-00C04F79EFBC}") = "LokalizacijaDijaloga", "LokalizacijaDijaloga\LokalizacijaDijaloga.csproj", "{C710B36F-59D6-48E6-909F-567DB82C5CD2}"
EndProject
Project("{FAE04EC0-301F-11D3-BF4B-00C04F79EFBC}") = "LokalizacijaTeksta", "LokalizacijaTeksta\LokalizacijaTeksta.csproj", "{AF326EB0-67D9-4C4D-974B-F917CF249D73}"
EndProject
Project("{FAE04EC0-301F-11D3-BF4B-00C04F79EFBC}") = "Funkcije", "Funkcije\Funkcije.csproj", "{80C0D94D-2810-4452-8BA5-26780A619D32}"
EndProject
Project("{2150E333-8FDC-42A3-9474-1A3956D46DE8}") = "00", "00", "{34119F2C-9046-4818-B8FE-B31829829FDC}"
EndProject
Project("{FAE04EC0-301F-11D3-BF4B-00C04F79EFBC}") = "NepromjenjivostStringa", "NepromjenjivostStringa\NepromjenjivostStringa.csproj", "{1680FD3B-C151-4872-86AB-BBE5A7498595}"
EndProject
Project("{2150E333-8FDC-42A3-9474-1A3956D46DE8}") = "01", "01", "{550647A0-1C1D-453A-84EB-D741FF2F7E74}"
EndProject
Project("{2150E333-8FDC-42A3-9474-1A3956D46DE8}") = "02", "02", "{C86E05CC-1396-498D-84B5-9FFD2687561F}"
EndProject
Project("{FAE04EC0-301F-11D3-BF4B-00C04F79EFBC}") = "Unicode", "Unicode\Unicode.csproj", "{638ECBBB-E49A-4627-A782-11E107346DF1}"
EndProject
Project("{2150E333-8FDC-42A3-9474-1A3956D46DE8}") = "03", "03", "{6566F98A-6F16-469C-9689-DD101A972B9B}"
EndProject
Project("{FAE04EC0-301F-11D3-BF4B-00C04F79EFBC}") = "LeksičkeUsporedbe", "LeksičkeUsporedbe\LeksičkeUsporedbe.csproj", "{527D62C2-42B4-4601-A41C-EABCDE6F5D79}"
EndProject
Project("{2150E333-8FDC-42A3-9474-1A3956D46DE8}") = "04", "04", "{DD2FC4A4-9061-40A3-B60F-85E07793260E}"
EndProject
Project("{FAE04EC0-301F-11D3-BF4B-00C04F79EFBC}") = "PretvorbaStringaUObjekt", "PretvorbaStringaUObjekt\PretvorbaStringaUObjekt.csproj", "{F780025A-764B-4036-B78B-46D816652A57}"
EndProject
Project("{2150E333-8FDC-42A3-9474-1A3956D46DE8}") = "05", "05", "{C8CC447B-6669-434F-8FE7-8C3AB10E2053}"
EndProject
Global
	GlobalSection(SolutionConfigurationPlatforms) = preSolution
		Debug|Any CPU = Debug|Any CPU
		Release|Any CPU = Release|Any CPU
	EndGlobalSection
	GlobalSection(ProjectConfigurationPlatforms) = postSolution
		{1F10FA0C-71A5-43EB-A2FA-456D49585E00}.Debug|Any CPU.ActiveCfg = Debug|Any CPU
		{1F10FA0C-71A5-43EB-A2FA-456D49585E00}.Debug|Any CPU.Build.0 = Debug|Any CPU
		{1F10FA0C-71A5-43EB-A2FA-456D49585E00}.Release|Any CPU.ActiveCfg = Release|Any CPU
		{1F10FA0C-71A5-43EB-A2FA-456D49585E00}.Release|Any CPU.Build.0 = Release|Any CPU
		{C710B36F-59D6-48E6-909F-567DB82C5CD2}.Debug|Any CPU.ActiveCfg = Debug|Any CPU
		{C710B36F-59D6-48E6-909F-567DB82C5CD2}.Debug|Any CPU.Build.0 = Debug|Any CPU
		{C710B36F-59D6-48E6-909F-567DB82C5CD2}.Release|Any CPU.ActiveCfg = Release|Any CPU
		{C710B36F-59D6-48E6-909F-567DB82C5CD2}.Release|Any CPU.Build.0 = Release|Any CPU
		{AF326EB0-67D9-4C4D-974B-F917CF249D73}.Debug|Any CPU.ActiveCfg = Debug|Any CPU
		{AF326EB0-67D9-4C4D-974B-F917CF249D73}.Debug|Any CPU.Build.0 = Debug|Any CPU
		{AF326EB0-67D9-4C4D-974B-F917CF249D73}.Release|Any CPU.ActiveCfg = Release|Any CPU
		{AF326EB0-67D9-4C4D-974B-F917CF249D73}.Release|Any CPU.Build.0 = Release|Any CPU
		{80C0D94D-2810-4452-8BA5-26780A619D32}.Debug|Any CPU.ActiveCfg = Debug|Any CPU
		{80C0D94D-2810-4452-8BA5-26780A619D32}.Debug|Any CPU.Build.0 = Debug|Any CPU
		{80C0D94D-2810-4452-8BA5-26780A619D32}.Release|Any CPU.ActiveCfg = Release|Any CPU
		{80C0D94D-2810-4452-8BA5-26780A619D32}.Release|Any CPU.Build.0 = Release|Any CPU
		{1680FD3B-C151-4872-86AB-BBE5A7498595}.Debug|Any CPU.ActiveCfg = Debug|Any CPU
		{1680FD3B-C151-4872-86AB-BBE5A7498595}.Debug|Any CPU.Build.0 = Debug|Any CPU
		{1680FD3B-C151-4872-86AB-BBE5A7498595}.Release|Any CPU.ActiveCfg = Release|Any CPU
		{1680FD3B-C151-4872-86AB-BBE5A7498595}.Release|Any CPU.Build.0 = Release|Any CPU
		{638ECBBB-E49A-4627-A782-11E107346DF1}.Debug|Any CPU.ActiveCfg = Debug|Any CPU
		{638ECBBB-E49A-4627-A782-11E107346DF1}.Debug|Any CPU.Build.0 = Debug|Any CPU
		{638ECBBB-E49A-4627-A782-11E107346DF1}.Release|Any CPU.ActiveCfg = Release|Any CPU
		{638ECBBB-E49A-4627-A782-11E107346DF1}.Release|Any CPU.Build.0 = Release|Any CPU
		{527D62C2-42B4-4601-A41C-EABCDE6F5D79}.Debug|Any CPU.ActiveCfg = Debug|Any CPU
		{527D62C2-42B4-4601-A41C-EABCDE6F5D79}.Debug|Any CPU.Build.0 = Debug|Any CPU
		{527D62C2-42B4-4601-A41C-EABCDE6F5D79}.Release|Any CPU.ActiveCfg = Release|Any CPU
		{527D62C2-42B4-4601-A41C-EABCDE6F5D79}.Release|Any CPU.Build.0 = Release|Any CPU
		{F780025A-764B-4036-B78B-46D816652A57}.Debug|Any CPU.ActiveCfg = Debug|Any CPU
		{F780025A-764B-4036-B78B-46D816652A57}.Debug|Any CPU.Build.0 = Debug|Any CPU
		{F780025A-764B-4036-B78B-46D816652A57}.Release|Any CPU.ActiveCfg = Release|Any CPU
		{F780025A-764B-4036-B78B-46D816652A57}.Release|Any CPU.Build.0 = Release|Any CPU
	EndGlobalSection
	GlobalSection(SolutionProperties) = preSolution
		HideSolutionNode = FALSE
	EndGlobalSection
	GlobalSection(NestedProjects) = preSolution
		{80C0D94D-2810-4452-8BA5-26780A619D32} = {C86E05CC-1396-498D-84B5-9FFD2687561F}
		{1680FD3B-C151-4872-86AB-BBE5A7498595} = {550647A0-1C1D-453A-84EB-D741FF2F7E74}
		{638ECBBB-E49A-4627-A782-11E107346DF1} = {34119F2C-9046-4818-B8FE-B31829829FDC}
		{527D62C2-42B4-4601-A41C-EABCDE6F5D79} = {6566F98A-6F16-469C-9689-DD101A972B9B}
		{F780025A-764B-4036-B78B-46D816652A57} = {DD2FC4A4-9061-40A3-B60F-85E07793260E}
	EndGlobalSection
EndGlobal
